
Microsoft Visual Studio Solution File, Format Version 12.00
# Visual Studio Version 17
VisualStudioVersion = 17.7.34202.233
MinimumVisualStudioVersion = 10.0.40219.1
Project("{FAE04EC0-301F-11D3-BF4B-00C04F79EFBC}") = "identityLoginRegister", "identityLoginRegister\identityLoginRegister.csproj", "{AF059D6A-A3AA-4A60-A7EF-6289E2207011}"
EndProject
Global
	GlobalSection(SolutionConfigurationPlatforms) = preSolution
		Debug|Any CPU = Debug|Any CPU
		Release|Any CPU = Release|Any CPU
	EndGlobalSection
	GlobalSection(ProjectConfigurationPlatforms) = postSolution
		{AF059D6A-A3AA-4A60-A7EF-6289E2207011}.Debug|Any CPU.ActiveCfg = Debug|Any CPU
		{AF059D6A-A3AA-4A60-A7EF-6289E2207011}.Debug|Any CPU.Build.0 = Debug|Any CPU
		{AF059D6A-A3AA-4A60-A7EF-6289E2207011}.Release|Any CPU.ActiveCfg = Release|Any CPU
		{AF059D6A-A3AA-4A60-A7EF-6289E2207011}.Release|Any CPU.Build.0 = Release|Any CPU
	EndGlobalSection
	GlobalSection(SolutionProperties) = preSolution
		HideSolutionNode = FALSE
	EndGlobalSection
	GlobalSection(ExtensibilityGlobals) = postSolution
		SolutionGuid = {D75C4D28-C11D-4DEA-BE2E-CB25CA2AFE9C}
	EndGlobalSection
EndGlobal
